{
  "name": "flowzone",
  "version": "17.4.19",
  "lockfileVersion": 3,
  "requires": true,
  "packages": {
    "": {
      "name": "flowzone",
      "version": "17.4.19",
      "dependencies": {
        "yaml": "^2.1.3"
      },
      "devDependencies": {
        "husky": "^9.0.0"
      }
    },
    "node_modules/husky": {
      "version": "9.1.4",
      "resolved": "https://registry.npmjs.org/husky/-/husky-9.1.4.tgz",
      "integrity": "sha512-bho94YyReb4JV7LYWRWxZ/xr6TtOTt8cMfmQ39MQYJ7f/YE268s3GdghGwi+y4zAeqewE5zYLvuhV0M0ijsDEA==",
      "dev": true,
      "license": "MIT",
      "bin": {
        "husky": "bin.js"
      },
      "engines": {
        "node": ">=18"
      },
      "funding": {
        "url": "https://github.com/sponsors/typicode"
      }
    },
    "node_modules/yaml": {
      "version": "2.5.0",
      "resolved": "https://registry.npmjs.org/yaml/-/yaml-2.5.0.tgz",
      "integrity": "sha512-2wWLbGbYDiSqqIKoPjar3MPgB94ErzCtrNE1FdqGuaO0pi2JGjmE8aW8TDZwzU7vuxcGRdL/4gPQwQ7hD5AMSw==",
      "license": "ISC",
      "bin": {
        "yaml": "bin.mjs"
      },
      "engines": {
        "node": ">= 14"
      }
    }
  }
}
