{
  "name": "flowzone",
  "version": "17.2.1",
  "lockfileVersion": 3,
  "requires": true,
  "packages": {
    "": {
      "name": "flowzone",
      "version": "17.2.1",
      "dependencies": {
        "yaml": "^2.1.3"
      },
      "devDependencies": {
        "husky": "^9.0.0"
      }
    },
    "node_modules/husky": {
      "version": "9.1.1",
      "resolved": "https://registry.npmjs.org/husky/-/husky-9.1.1.tgz",
      "integrity": "sha512-fCqlqLXcBnXa/TJXmT93/A36tJsjdJkibQ1MuIiFyCCYUlpYpIaj2mv1w+3KR6Rzu1IC3slFTje5f6DUp2A2rg==",
      "dev": true,
      "license": "MIT",
      "bin": {
        "husky": "bin.js"
      },
      "engines": {
        "node": ">=18"
      },
      "funding": {
        "url": "https://github.com/sponsors/typicode"
      }
    },
    "node_modules/yaml": {
      "version": "2.4.5",
      "resolved": "https://registry.npmjs.org/yaml/-/yaml-2.4.5.tgz",
      "integrity": "sha512-aBx2bnqDzVOyNKfsysjA2ms5ZlnjSAW2eG3/L5G/CSujfjLJTJsEw1bGw8kCf04KodQWk1pxlGnZ56CRxiawmg==",
      "license": "ISC",
      "bin": {
        "yaml": "bin.mjs"
      },
      "engines": {
        "node": ">= 14"
      }
    }
  }
}
